
Microsoft Visual Studio Solution File, Format Version 12.00
# Visual Studio 15
VisualStudioVersion = 15.0.28307.438
MinimumVisualStudioVersion = 10.0.40219.1
Project("{54435603-DBB4-11D2-8724-00A0C9A8B90C}") = "Doodge the ball installer", "Doodge the ball installer\Doodge the ball installer.vdproj", "{0620A214-DCD4-4996-93EA-6DA509DD03DD}"
EndProject
Global
	GlobalSection(SolutionConfigurationPlatforms) = preSolution
		Debug|Default = Debug|Default
		Release|Default = Release|Default
	EndGlobalSection
	GlobalSection(ProjectConfigurationPlatforms) = postSolution
		{0620A214-DCD4-4996-93EA-6DA509DD03DD}.Debug|Default.ActiveCfg = Debug
		{0620A214-DCD4-4996-93EA-6DA509DD03DD}.Debug|Default.Build.0 = Debug
		{0620A214-DCD4-4996-93EA-6DA509DD03DD}.Release|Default.ActiveCfg = Release
		{0620A214-DCD4-4996-93EA-6DA509DD03DD}.Release|Default.Build.0 = Release
	EndGlobalSection
	GlobalSection(SolutionProperties) = preSolution
		HideSolutionNode = FALSE
	EndGlobalSection
	GlobalSection(ExtensibilityGlobals) = postSolution
		SolutionGuid = {990894AF-2848-43F8-9DAE-31102D75EC8E}
	EndGlobalSection
EndGlobal
